
Microsoft Visual Studio Solution File, Format Version 12.00
# Visual Studio Version 17
VisualStudioVersion = 17.11.35222.181
MinimumVisualStudioVersion = 10.0.40219.1
Project("{FAE04EC0-301F-11D3-BF4B-00C04F79EFBC}") = "ChristmasCookieGame", "ChristmasCookieGame.csproj", "{1BB18DC5-9A45-47B0-A981-343C59142C20}"
EndProject
Global
	GlobalSection(SolutionConfigurationPlatforms) = preSolution
		Debug|Any CPU = Debug|Any CPU
		Release|Any CPU = Release|Any CPU
	EndGlobalSection
	GlobalSection(ProjectConfigurationPlatforms) = postSolution
		{1BB18DC5-9A45-47B0-A981-343C59142C20}.Debug|Any CPU.ActiveCfg = Debug|Any CPU
		{1BB18DC5-9A45-47B0-A981-343C59142C20}.Debug|Any CPU.Build.0 = Debug|Any CPU
		{1BB18DC5-9A45-47B0-A981-343C59142C20}.Release|Any CPU.ActiveCfg = Release|Any CPU
		{1BB18DC5-9A45-47B0-A981-343C59142C20}.Release|Any CPU.Build.0 = Release|Any CPU
	EndGlobalSection
	GlobalSection(SolutionProperties) = preSolution
		HideSolutionNode = FALSE
	EndGlobalSection
	GlobalSection(ExtensibilityGlobals) = postSolution
		SolutionGuid = {59232567-78DD-4490-80C1-2F7B00372EDC}
	EndGlobalSection
EndGlobal
